{
    "_meta": {
        "hash": {
            "sha256": "87df64feb861721ecc3899fce4eddb5a44868ae26d826bbe970306c291ff84dc"
        },
        "pipfile-spec": 6,
        "requires": {
            "python_version": "3.13"
        },
        "sources": [
            {
                "name": "pypi",
                "url": "https://pypi.org/simple",
                "verify_ssl": true
            }
        ]
    },
    "default": {
        "pygame-ce": {
            "hashes": [
                "sha256:0475663693392f715dd541f36d52bc64e4395391a9de15bec263f395a90c605e",
                "sha256:06afd21e9513064bd9f77f909bbcc4fa2af4083dea301dce81b17c9b7ec96651",
                "sha256:0ba2883297a09871023138390110bd2b6fb459211c08bdbc1b4b10f697742ee2",
                "sha256:133279f5724431fd0de74b29060b08e655d24d8b3c09481f226182ac0cb32927",
                "sha256:17037676211e97b6ca4f1a0719d3c1451ba77455934cafc9054cddc45f7a5e4c",
                "sha256:198ba4d3925ad9acbf4b96ac1385f0b54f1e2141223e42da782d8345a5d6adc0",
                "sha256:19b9600a3e89cbcb12b5effebf3251e98a283f0ef80d894e9fc48fc9ecd5505a",
                "sha256:266f976feb1a61bf19163416897189e6e7a8f78c362576a0afa214ffb7f1d18e",
                "sha256:2759a2e83234cb276edb16ea6fa858736bbe64977ba35e0f83844c255ba846e7",
                "sha256:283c7dc231387d05b294b2f72513bd767af91277a64900d10f4efb0b731f4d13",
                "sha256:2cca232a9b5822bf1006155ccddc0655d0555dbb96d5014fc44686ca32815ac2",
                "sha256:317cf4879678123feb26c39f74dcf55e721e8d0f72438dd6d501129dbc813fe3",
                "sha256:3478c644ffb8f95708e085873a15e2b89c47bf6f1229f7d782ae365c42201bd3",
                "sha256:3b401dba48031b7525c312e86bc243b71d90538f527d9fe7bb7de608704cd147",
                "sha256:45b01f49d35dbc8a66bbbcd06ab83312625850bcc2d9ae528b5b15130b733a43",
                "sha256:5bb66ac4025d6abb60929bf742d287c5fdc58918847a599d12ba0747fee7d882",
                "sha256:6889bb8a38f5d80c3f45c58480fa069cc94c07cf679b20a23e925e27f129ce2e",
                "sha256:6ed8163e389d5dfcf7817458792c4eaeb96a50393d63a9c4d3384eb2b8944123",
                "sha256:7567a71a1e7ea666a25b401b65be2d7168a1c718241bb97cb875cb7f2ad01d22",
                "sha256:77380370d7c6df07191a72f60f8a58598a543278d8c3ee6a01042fdf4d8bbe72",
                "sha256:7eefa45f2c31d0db8808a853678c24a58355e643c840f8c607ed355cc2de0153",
                "sha256:8474ae250d247552dc8b1643dcfaef0f912ca969b4c6d7fb812aac6274a16d85",
                "sha256:86d5c64edda242edd6291f6a1c8e2fde0fb15440f30e1d7535423a2a7f3bc38c",
                "sha256:90bad19e61fa7e82262ed728058158c1888ead14b1c2251d654ec19322a912f0",
                "sha256:92050fd16b62b20779b6ec2fb867bc8261e5499be967ed2aa7ff6a76b7735791",
                "sha256:9579c4283fd644798632aac20d65282a2e7efcdf0f79b7c545fdeda372381e30",
                "sha256:9612a062c1173b4543ff4d6373c4277e88363346c1083446f81b012e873a07e2",
                "sha256:971b86e48acdf37aaf9782560088c0949ca7ec3aea33827c74f4d4c4bc04c367",
                "sha256:a04b70c3e210bb4283758851f3bf9242f4dd50cb7fab5504d3250db63847c89b",
                "sha256:a6201ba6e8227384d33513ca77fe678c6fe9088d979535ac03933b6b74230ad9",
                "sha256:a83710528f2a90a026fca9caee390779842d5486ca3d48d4d1213060e5d41083",
                "sha256:adf29a79d6ba4d042bb71449304f078bae8c97cc1b5cbccf1f6bb8240889618e",
                "sha256:b1c419ae3b28d48499d79f35fee674f83fcc8723b7ecbfdad3dc721dfd74e634",
                "sha256:b91cb6061bf7e7f442d0eb6fe7bc30ca0de90060f44e2a078e9b524a7709875f",
                "sha256:c194cf4ea81143173e74bd7821ee976ce3ec5d26c664544d0d273936fd9251c5",
                "sha256:c38f17313b27ad97f0578ba863972b6e1fe22b1ec8568af6c7785b5bd55d21e1",
                "sha256:c73ce70c63ab45f778fdc9d10d27077f9cfc49d1fa4ea1ae0e5eca514b47b683",
                "sha256:cdfecaf03c4d2342501b1ec5d1d03e0381ac21199cfa1c51bb39ee2e8a7409ba",
                "sha256:d05a2d36c4bcbf37f0a129d65979c2baac2da67cbfa32d83b9587a1c014d00ba",
                "sha256:d3d019309d1e76fd19978b01753e8576bd76c66411ac7a4885785f95e68dc261",
                "sha256:d65428f387c2e4301b3c4e92b01bec658655b9de5319ebac776e25ac5b373cda",
                "sha256:d811bba090fbb10d6a1c4d6917350da5a6a585630605833fa91499480b72bfcf",
                "sha256:e341d53222fc5749a5fda1c331d9f167f2f90050eacc0c636d5f576791497d2e",
                "sha256:e948916985322a84ec87d165ae545b64edea695a9c1c2cb6934f2228f82098f2",
                "sha256:ed1337e78cc0d3c1ee205fdf99e0b77237a2958119a6c9b03758a138889e00fd",
                "sha256:ee26d8de3ca5d77c3117a230ef1b3455d90ff0d559470d9f1a4924961d5603ec",
                "sha256:f24e49d0a26a5b0ccd61b5e03828c0a16ca14423db03f3ea8d5e7565d3ab36e2",
                "sha256:f78e93658f7810ce841b401015ba394a9a9423e0987c85e848afa10dd354d417",
                "sha256:fda10bdba288386850b0a4c4cc22c5073efe667cd6a7426fb9f54203219f84dd"
            ],
            "index": "pypi",
            "markers": "python_version >= '3.9'",
            "version": "==2.5.6"
        },
        "stockfish": {
            "hashes": [
                "sha256:1ae0ef37d805bc4a195c96d017ed06963bc0e1f533c14e67f01b2f3cf49dd02b",
                "sha256:d89493be588768d00e8f81dbb5be596a17fc3b06f701c793c65e6f642ccfa144"
            ],
            "index": "pypi",
            "markers": "python_version >= '3.10'",
            "version": "==4.0.6"
        }
    },
    "develop": {}
}
